
Microsoft Visual Studio Solution File, Format Version 12.00
# Visual Studio Version 16
VisualStudioVersion = 25.0.1706.12
MinimumVisualStudioVersion = 10.0.40219.1
Project("{FAE04EC0-301F-11D3-BF4B-00C04F79EFBC}") = "Banking-app", "Banking-app\Banking-app.csproj", "{573C8D4B-6527-4C71-AB6F-4F07D513A548}"
EndProject
Global
	GlobalSection(SolutionConfigurationPlatforms) = preSolution
		Debug|Any CPU = Debug|Any CPU
		Release|Any CPU = Release|Any CPU
	EndGlobalSection
	GlobalSection(ProjectConfigurationPlatforms) = postSolution
		{573C8D4B-6527-4C71-AB6F-4F07D513A548}.Debug|Any CPU.ActiveCfg = Debug|Any CPU
		{573C8D4B-6527-4C71-AB6F-4F07D513A548}.Debug|Any CPU.Build.0 = Debug|Any CPU
		{573C8D4B-6527-4C71-AB6F-4F07D513A548}.Release|Any CPU.ActiveCfg = Release|Any CPU
		{573C8D4B-6527-4C71-AB6F-4F07D513A548}.Release|Any CPU.Build.0 = Release|Any CPU
	EndGlobalSection
	GlobalSection(SolutionProperties) = preSolution
		HideSolutionNode = FALSE
	EndGlobalSection
	GlobalSection(ExtensibilityGlobals) = postSolution
		SolutionGuid = {49358C9A-CD7F-4689-9853-7B7C66F48FE8}
	EndGlobalSection
EndGlobal
